
Microsoft Visual Studio Solution File, Format Version 12.00
# Visual Studio Version 17
VisualStudioVersion = 17.0.31903.59
MinimumVisualStudioVersion = 10.0.40219.1
Project("{2150E333-8FDC-42A3-9474-1A3956D46DE8}") = "src", "src", "{827E0CD3-B72D-47B6-A68D-7590B98EB39B}"
EndProject
Project("{FAE04EC0-301F-11D3-BF4B-00C04F79EFBC}") = "RaftBroker.Cli", "src\RaftBroker.Cli\RaftBroker.Cli.csproj", "{E10554A2-FE6A-4BFA-BDEB-F872BD2ABC1F}"
EndProject
Project("{FAE04EC0-301F-11D3-BF4B-00C04F79EFBC}") = "RaftBroker.Client", "src\RaftBroker.Client\RaftBroker.Client.csproj", "{0FDCAC85-C8C6-4F72-B509-CB996D7556F3}"
EndProject
Project("{FAE04EC0-301F-11D3-BF4B-00C04F79EFBC}") = "RaftBroker.Core", "src\RaftBroker.Core\RaftBroker.Core.csproj", "{267ACFBA-7A59-4766-86CE-827FF56CB935}"
EndProject
Project("{FAE04EC0-301F-11D3-BF4B-00C04F79EFBC}") = "RaftBroker.Raft", "src\RaftBroker.Raft\RaftBroker.Raft.csproj", "{0F6BBC15-455E-4B89-8876-1D2DB631C6A2}"
EndProject
Project("{FAE04EC0-301F-11D3-BF4B-00C04F79EFBC}") = "RaftBroker.Server", "src\RaftBroker.Server\RaftBroker.Server.csproj", "{352D5741-D049-47DF-992C-18059262A7E8}"
EndProject
Project("{FAE04EC0-301F-11D3-BF4B-00C04F79EFBC}") = "RaftBroker.StateMachine", "src\RaftBroker.StateMachine\RaftBroker.StateMachine.csproj", "{712D58DA-04AE-4B8A-B668-4DFAD2BF542D}"
EndProject
Project("{FAE04EC0-301F-11D3-BF4B-00C04F79EFBC}") = "RaftBroker.Storage", "src\RaftBroker.Storage\RaftBroker.Storage.csproj", "{C6706AF9-42B8-47D1-AB53-6CE51C07DAF7}"
EndProject
Project("{FAE04EC0-301F-11D3-BF4B-00C04F79EFBC}") = "RaftBroker.Transport", "src\RaftBroker.Transport\RaftBroker.Transport.csproj", "{C21B252F-BE0E-4765-8FF5-210DF7080B86}"
EndProject
Project("{2150E333-8FDC-42A3-9474-1A3956D46DE8}") = "tests", "tests", "{0AB3BF05-4346-4AA6-1389-037BE0695223}"
EndProject
Project("{FAE04EC0-301F-11D3-BF4B-00C04F79EFBC}") = "RaftBroker.Benchmarks", "tests\RaftBroker.Benchmarks\RaftBroker.Benchmarks.csproj", "{BDFFEB08-44C2-4E39-9782-247A71D67969}"
EndProject
Project("{FAE04EC0-301F-11D3-BF4B-00C04F79EFBC}") = "RaftBroker.IntegrationTests", "tests\RaftBroker.IntegrationTests\RaftBroker.IntegrationTests.csproj", "{C172F8AD-47C5-4509-9324-7ACA8EC1862B}"
EndProject
Project("{FAE04EC0-301F-11D3-BF4B-00C04F79EFBC}") = "RaftBroker.SimulationTests", "tests\RaftBroker.SimulationTests\RaftBroker.SimulationTests.csproj", "{3731AA70-A432-4DBA-8E52-8156C34A8699}"
EndProject
Project("{FAE04EC0-301F-11D3-BF4B-00C04F79EFBC}") = "RaftBroker.UnitTests", "tests\RaftBroker.UnitTests\RaftBroker.UnitTests.csproj", "{6ED666AF-461A-41B9-9F57-BAA6827872D5}"
EndProject
Project("{FAE04EC0-301F-11D3-BF4B-00C04F79EFBC}") = "RaftBroker.TestKit", "tests\RaftBroker.TestKit\RaftBroker.TestKit.csproj", "{D2A16E7C-E8DF-408C-ADB8-B11DAC14EF0D}"
EndProject
Global
	GlobalSection(SolutionConfigurationPlatforms) = preSolution
		Debug|Any CPU = Debug|Any CPU
		Debug|x64 = Debug|x64
		Debug|x86 = Debug|x86
		Release|Any CPU = Release|Any CPU
		Release|x64 = Release|x64
		Release|x86 = Release|x86
	EndGlobalSection
	GlobalSection(ProjectConfigurationPlatforms) = postSolution
		{E10554A2-FE6A-4BFA-BDEB-F872BD2ABC1F}.Debug|Any CPU.ActiveCfg = Debug|Any CPU
		{E10554A2-FE6A-4BFA-BDEB-F872BD2ABC1F}.Debug|Any CPU.Build.0 = Debug|Any CPU
		{E10554A2-FE6A-4BFA-BDEB-F872BD2ABC1F}.Debug|x64.ActiveCfg = Debug|Any CPU
		{E10554A2-FE6A-4BFA-BDEB-F872BD2ABC1F}.Debug|x64.Build.0 = Debug|Any CPU
		{E10554A2-FE6A-4BFA-BDEB-F872BD2ABC1F}.Debug|x86.ActiveCfg = Debug|Any CPU
		{E10554A2-FE6A-4BFA-BDEB-F872BD2ABC1F}.Debug|x86.Build.0 = Debug|Any CPU
		{E10554A2-FE6A-4BFA-BDEB-F872BD2ABC1F}.Release|Any CPU.ActiveCfg = Release|Any CPU
		{E10554A2-FE6A-4BFA-BDEB-F872BD2ABC1F}.Release|Any CPU.Build.0 = Release|Any CPU
		{E10554A2-FE6A-4BFA-BDEB-F872BD2ABC1F}.Release|x64.ActiveCfg = Release|Any CPU
		{E10554A2-FE6A-4BFA-BDEB-F872BD2ABC1F}.Release|x64.Build.0 = Release|Any CPU
		{E10554A2-FE6A-4BFA-BDEB-F872BD2ABC1F}.Release|x86.ActiveCfg = Release|Any CPU
		{E10554A2-FE6A-4BFA-BDEB-F872BD2ABC1F}.Release|x86.Build.0 = Release|Any CPU
		{0FDCAC85-C8C6-4F72-B509-CB996D7556F3}.Debug|Any CPU.ActiveCfg = Debug|Any CPU
		{0FDCAC85-C8C6-4F72-B509-CB996D7556F3}.Debug|Any CPU.Build.0 = Debug|Any CPU
		{0FDCAC85-C8C6-4F72-B509-CB996D7556F3}.Debug|x64.ActiveCfg = Debug|Any CPU
		{0FDCAC85-C8C6-4F72-B509-CB996D7556F3}.Debug|x64.Build.0 = Debug|Any CPU
		{0FDCAC85-C8C6-4F72-B509-CB996D7556F3}.Debug|x86.ActiveCfg = Debug|Any CPU
		{0FDCAC85-C8C6-4F72-B509-CB996D7556F3}.Debug|x86.Build.0 = Debug|Any CPU
		{0FDCAC85-C8C6-4F72-B509-CB996D7556F3}.Release|Any CPU.ActiveCfg = Release|Any CPU
		{0FDCAC85-C8C6-4F72-B509-CB996D7556F3}.Release|Any CPU.Build.0 = Release|Any CPU
		{0FDCAC85-C8C6-4F72-B509-CB996D7556F3}.Release|x64.ActiveCfg = Release|Any CPU
		{0FDCAC85-C8C6-4F72-B509-CB996D7556F3}.Release|x64.Build.0 = Release|Any CPU
		{0FDCAC85-C8C6-4F72-B509-CB996D7556F3}.Release|x86.ActiveCfg = Release|Any CPU
		{0FDCAC85-C8C6-4F72-B509-CB996D7556F3}.Release|x86.Build.0 = Release|Any CPU
		{267ACFBA-7A59-4766-86CE-827FF56CB935}.Debug|Any CPU.ActiveCfg = Debug|Any CPU
		{267ACFBA-7A59-4766-86CE-827FF56CB935}.Debug|Any CPU.Build.0 = Debug|Any CPU
		{267ACFBA-7A59-4766-86CE-827FF56CB935}.Debug|x64.ActiveCfg = Debug|Any CPU
		{267ACFBA-7A59-4766-86CE-827FF56CB935}.Debug|x64.Build.0 = Debug|Any CPU
		{267ACFBA-7A59-4766-86CE-827FF56CB935}.Debug|x86.ActiveCfg = Debug|Any CPU
		{267ACFBA-7A59-4766-86CE-827FF56CB935}.Debug|x86.Build.0 = Debug|Any CPU
		{267ACFBA-7A59-4766-86CE-827FF56CB935}.Release|Any CPU.ActiveCfg = Release|Any CPU
		{267ACFBA-7A59-4766-86CE-827FF56CB935}.Release|Any CPU.Build.0 = Release|Any CPU
		{267ACFBA-7A59-4766-86CE-827FF56CB935}.Release|x64.ActiveCfg = Release|Any CPU
		{267ACFBA-7A59-4766-86CE-827FF56CB935}.Release|x64.Build.0 = Release|Any CPU
		{267ACFBA-7A59-4766-86CE-827FF56CB935}.Release|x86.ActiveCfg = Release|Any CPU
		{267ACFBA-7A59-4766-86CE-827FF56CB935}.Release|x86.Build.0 = Release|Any CPU
		{0F6BBC15-455E-4B89-8876-1D2DB631C6A2}.Debug|Any CPU.ActiveCfg = Debug|Any CPU
		{0F6BBC15-455E-4B89-8876-1D2DB631C6A2}.Debug|Any CPU.Build.0 = Debug|Any CPU
		{0F6BBC15-455E-4B89-8876-1D2DB631C6A2}.Debug|x64.ActiveCfg = Debug|Any CPU
		{0F6BBC15-455E-4B89-8876-1D2DB631C6A2}.Debug|x64.Build.0 = Debug|Any CPU
		{0F6BBC15-455E-4B89-8876-1D2DB631C6A2}.Debug|x86.ActiveCfg = Debug|Any CPU
		{0F6BBC15-455E-4B89-8876-1D2DB631C6A2}.Debug|x86.Build.0 = Debug|Any CPU
		{0F6BBC15-455E-4B89-8876-1D2DB631C6A2}.Release|Any CPU.ActiveCfg = Release|Any CPU
		{0F6BBC15-455E-4B89-8876-1D2DB631C6A2}.Release|Any CPU.Build.0 = Release|Any CPU
		{0F6BBC15-455E-4B89-8876-1D2DB631C6A2}.Release|x64.ActiveCfg = Release|Any CPU
		{0F6BBC15-455E-4B89-8876-1D2DB631C6A2}.Release|x64.Build.0 = Release|Any CPU
		{0F6BBC15-455E-4B89-8876-1D2DB631C6A2}.Release|x86.ActiveCfg = Release|Any CPU
		{0F6BBC15-455E-4B89-8876-1D2DB631C6A2}.Release|x86.Build.0 = Release|Any CPU
		{352D5741-D049-47DF-992C-18059262A7E8}.Debug|Any CPU.ActiveCfg = Debug|Any CPU
		{352D5741-D049-47DF-992C-18059262A7E8}.Debug|Any CPU.Build.0 = Debug|Any CPU
		{352D5741-D049-47DF-992C-18059262A7E8}.Debug|x64.ActiveCfg = Debug|Any CPU
		{352D5741-D049-47DF-992C-18059262A7E8}.Debug|x64.Build.0 = Debug|Any CPU
		{352D5741-D049-47DF-992C-18059262A7E8}.Debug|x86.ActiveCfg = Debug|Any CPU
		{352D5741-D049-47DF-992C-18059262A7E8}.Debug|x86.Build.0 = Debug|Any CPU
		{352D5741-D049-47DF-992C-18059262A7E8}.Release|Any CPU.ActiveCfg = Release|Any CPU
		{352D5741-D049-47DF-992C-18059262A7E8}.Release|Any CPU.Build.0 = Release|Any CPU
		{352D5741-D049-47DF-992C-18059262A7E8}.Release|x64.ActiveCfg = Release|Any CPU
		{352D5741-D049-47DF-992C-18059262A7E8}.Release|x64.Build.0 = Release|Any CPU
		{352D5741-D049-47DF-992C-18059262A7E8}.Release|x86.ActiveCfg = Release|Any CPU
		{352D5741-D049-47DF-992C-18059262A7E8}.Release|x86.Build.0 = Release|Any CPU
		{712D58DA-04AE-4B8A-B668-4DFAD2BF542D}.Debug|Any CPU.ActiveCfg = Debug|Any CPU
		{712D58DA-04AE-4B8A-B668-4DFAD2BF542D}.Debug|Any CPU.Build.0 = Debug|Any CPU
		{712D58DA-04AE-4B8A-B668-4DFAD2BF542D}.Debug|x64.ActiveCfg = Debug|Any CPU
		{712D58DA-04AE-4B8A-B668-4DFAD2BF542D}.Debug|x64.Build.0 = Debug|Any CPU
		{712D58DA-04AE-4B8A-B668-4DFAD2BF542D}.Debug|x86.ActiveCfg = Debug|Any CPU
		{712D58DA-04AE-4B8A-B668-4DFAD2BF542D}.Debug|x86.Build.0 = Debug|Any CPU
		{712D58DA-04AE-4B8A-B668-4DFAD2BF542D}.Release|Any CPU.ActiveCfg = Release|Any CPU
		{712D58DA-04AE-4B8A-B668-4DFAD2BF542D}.Release|Any CPU.Build.0 = Release|Any CPU
		{712D58DA-04AE-4B8A-B668-4DFAD2BF542D}.Release|x64.ActiveCfg = Release|Any CPU
		{712D58DA-04AE-4B8A-B668-4DFAD2BF542D}.Release|x64.Build.0 = Release|Any CPU
		{712D58DA-04AE-4B8A-B668-4DFAD2BF542D}.Release|x86.ActiveCfg = Release|Any CPU
		{712D58DA-04AE-4B8A-B668-4DFAD2BF542D}.Release|x86.Build.0 = Release|Any CPU
		{C6706AF9-42B8-47D1-AB53-6CE51C07DAF7}.Debug|Any CPU.ActiveCfg = Debug|Any CPU
		{C6706AF9-42B8-47D1-AB53-6CE51C07DAF7}.Debug|Any CPU.Build.0 = Debug|Any CPU
		{C6706AF9-42B8-47D1-AB53-6CE51C07DAF7}.Debug|x64.ActiveCfg = Debug|Any CPU
		{C6706AF9-42B8-47D1-AB53-6CE51C07DAF7}.Debug|x64.Build.0 = Debug|Any CPU
		{C6706AF9-42B8-47D1-AB53-6CE51C07DAF7}.Debug|x86.ActiveCfg = Debug|Any CPU
		{C6706AF9-42B8-47D1-AB53-6CE51C07DAF7}.Debug|x86.Build.0 = Debug|Any CPU
		{C6706AF9-42B8-47D1-AB53-6CE51C07DAF7}.Release|Any CPU.ActiveCfg = Release|Any CPU
		{C6706AF9-42B8-47D1-AB53-6CE51C07DAF7}.Release|Any CPU.Build.0 = Release|Any CPU
		{C6706AF9-42B8-47D1-AB53-6CE51C07DAF7}.Release|x64.ActiveCfg = Release|Any CPU
		{C6706AF9-42B8-47D1-AB53-6CE51C07DAF7}.Release|x64.Build.0 = Release|Any CPU
		{C6706AF9-42B8-47D1-AB53-6CE51C07DAF7}.Release|x86.ActiveCfg = Release|Any CPU
		{C6706AF9-42B8-47D1-AB53-6CE51C07DAF7}.Release|x86.Build.0 = Release|Any CPU
		{C21B252F-BE0E-4765-8FF5-210DF7080B86}.Debug|Any CPU.ActiveCfg = Debug|Any CPU
		{C21B252F-BE0E-4765-8FF5-210DF7080B86}.Debug|Any CPU.Build.0 = Debug|Any CPU
		{C21B252F-BE0E-4765-8FF5-210DF7080B86}.Debug|x64.ActiveCfg = Debug|Any CPU
		{C21B252F-BE0E-4765-8FF5-210DF7080B86}.Debug|x64.Build.0 = Debug|Any CPU
		{C21B252F-BE0E-4765-8FF5-210DF7080B86}.Debug|x86.ActiveCfg = Debug|Any CPU
		{C21B252F-BE0E-4765-8FF5-210DF7080B86}.Debug|x86.Build.0 = Debug|Any CPU
		{C21B252F-BE0E-4765-8FF5-210DF7080B86}.Release|Any CPU.ActiveCfg = Release|Any CPU
		{C21B252F-BE0E-4765-8FF5-210DF7080B86}.Release|Any CPU.Build.0 = Release|Any CPU
		{C21B252F-BE0E-4765-8FF5-210DF7080B86}.Release|x64.ActiveCfg = Release|Any CPU
		{C21B252F-BE0E-4765-8FF5-210DF7080B86}.Release|x64.Build.0 = Release|Any CPU
		{C21B252F-BE0E-4765-8FF5-210DF7080B86}.Release|x86.ActiveCfg = Release|Any CPU
		{C21B252F-BE0E-4765-8FF5-210DF7080B86}.Release|x86.Build.0 = Release|Any CPU
		{BDFFEB08-44C2-4E39-9782-247A71D67969}.Debug|Any CPU.ActiveCfg = Debug|Any CPU
		{BDFFEB08-44C2-4E39-9782-247A71D67969}.Debug|Any CPU.Build.0 = Debug|Any CPU
		{BDFFEB08-44C2-4E39-9782-247A71D67969}.Debug|x64.ActiveCfg = Debug|Any CPU
		{BDFFEB08-44C2-4E39-9782-247A71D67969}.Debug|x64.Build.0 = Debug|Any CPU
		{BDFFEB08-44C2-4E39-9782-247A71D67969}.Debug|x86.ActiveCfg = Debug|Any CPU
		{BDFFEB08-44C2-4E39-9782-247A71D67969}.Debug|x86.Build.0 = Debug|Any CPU
		{BDFFEB08-44C2-4E39-9782-247A71D67969}.Release|Any CPU.ActiveCfg = Release|Any CPU
		{BDFFEB08-44C2-4E39-9782-247A71D67969}.Release|Any CPU.Build.0 = Release|Any CPU
		{BDFFEB08-44C2-4E39-9782-247A71D67969}.Release|x64.ActiveCfg = Release|Any CPU
		{BDFFEB08-44C2-4E39-9782-247A71D67969}.Release|x64.Build.0 = Release|Any CPU
		{BDFFEB08-44C2-4E39-9782-247A71D67969}.Release|x86.ActiveCfg = Release|Any CPU
		{BDFFEB08-44C2-4E39-9782-247A71D67969}.Release|x86.Build.0 = Release|Any CPU
		{C172F8AD-47C5-4509-9324-7ACA8EC1862B}.Debug|Any CPU.ActiveCfg = Debug|Any CPU
		{C172F8AD-47C5-4509-9324-7ACA8EC1862B}.Debug|Any CPU.Build.0 = Debug|Any CPU
		{C172F8AD-47C5-4509-9324-7ACA8EC1862B}.Debug|x64.ActiveCfg = Debug|Any CPU
		{C172F8AD-47C5-4509-9324-7ACA8EC1862B}.Debug|x64.Build.0 = Debug|Any CPU
		{C172F8AD-47C5-4509-9324-7ACA8EC1862B}.Debug|x86.ActiveCfg = Debug|Any CPU
		{C172F8AD-47C5-4509-9324-7ACA8EC1862B}.Debug|x86.Build.0 = Debug|Any CPU
		{C172F8AD-47C5-4509-9324-7ACA8EC1862B}.Release|Any CPU.ActiveCfg = Release|Any CPU
		{C172F8AD-47C5-4509-9324-7ACA8EC1862B}.Release|Any CPU.Build.0 = Release|Any CPU
		{C172F8AD-47C5-4509-9324-7ACA8EC1862B}.Release|x64.ActiveCfg = Release|Any CPU
		{C172F8AD-47C5-4509-9324-7ACA8EC1862B}.Release|x64.Build.0 = Release|Any CPU
		{C172F8AD-47C5-4509-9324-7ACA8EC1862B}.Release|x86.ActiveCfg = Release|Any CPU
		{C172F8AD-47C5-4509-9324-7ACA8EC1862B}.Release|x86.Build.0 = Release|Any CPU
		{3731AA70-A432-4DBA-8E52-8156C34A8699}.Debug|Any CPU.ActiveCfg = Debug|Any CPU
		{3731AA70-A432-4DBA-8E52-8156C34A8699}.Debug|Any CPU.Build.0 = Debug|Any CPU
		{3731AA70-A432-4DBA-8E52-8156C34A8699}.Debug|x64.ActiveCfg = Debug|Any CPU
		{3731AA70-A432-4DBA-8E52-8156C34A8699}.Debug|x64.Build.0 = Debug|Any CPU
		{3731AA70-A432-4DBA-8E52-8156C34A8699}.Debug|x86.ActiveCfg = Debug|Any CPU
		{3731AA70-A432-4DBA-8E52-8156C34A8699}.Debug|x86.Build.0 = Debug|Any CPU
		{3731AA70-A432-4DBA-8E52-8156C34A8699}.Release|Any CPU.ActiveCfg = Release|Any CPU
		{3731AA70-A432-4DBA-8E52-8156C34A8699}.Release|Any CPU.Build.0 = Release|Any CPU
		{3731AA70-A432-4DBA-8E52-8156C34A8699}.Release|x64.ActiveCfg = Release|Any CPU
		{3731AA70-A432-4DBA-8E52-8156C34A8699}.Release|x64.Build.0 = Release|Any CPU
		{3731AA70-A432-4DBA-8E52-8156C34A8699}.Release|x86.ActiveCfg = Release|Any CPU
		{3731AA70-A432-4DBA-8E52-8156C34A8699}.Release|x86.Build.0 = Release|Any CPU
		{6ED666AF-461A-41B9-9F57-BAA6827872D5}.Debug|Any CPU.ActiveCfg = Debug|Any CPU
		{6ED666AF-461A-41B9-9F57-BAA6827872D5}.Debug|Any CPU.Build.0 = Debug|Any CPU
		{6ED666AF-461A-41B9-9F57-BAA6827872D5}.Debug|x64.ActiveCfg = Debug|Any CPU
		{6ED666AF-461A-41B9-9F57-BAA6827872D5}.Debug|x64.Build.0 = Debug|Any CPU
		{6ED666AF-461A-41B9-9F57-BAA6827872D5}.Debug|x86.ActiveCfg = Debug|Any CPU
		{6ED666AF-461A-41B9-9F57-BAA6827872D5}.Debug|x86.Build.0 = Debug|Any CPU
		{6ED666AF-461A-41B9-9F57-BAA6827872D5}.Release|Any CPU.ActiveCfg = Release|Any CPU
		{6ED666AF-461A-41B9-9F57-BAA6827872D5}.Release|Any CPU.Build.0 = Release|Any CPU
		{6ED666AF-461A-41B9-9F57-BAA6827872D5}.Release|x64.ActiveCfg = Release|Any CPU
		{6ED666AF-461A-41B9-9F57-BAA6827872D5}.Release|x64.Build.0 = Release|Any CPU
		{6ED666AF-461A-41B9-9F57-BAA6827872D5}.Release|x86.ActiveCfg = Release|Any CPU
		{6ED666AF-461A-41B9-9F57-BAA6827872D5}.Release|x86.Build.0 = Release|Any CPU
		{D2A16E7C-E8DF-408C-ADB8-B11DAC14EF0D}.Debug|Any CPU.ActiveCfg = Debug|Any CPU
		{D2A16E7C-E8DF-408C-ADB8-B11DAC14EF0D}.Debug|Any CPU.Build.0 = Debug|Any CPU
		{D2A16E7C-E8DF-408C-ADB8-B11DAC14EF0D}.Debug|x64.ActiveCfg = Debug|Any CPU
		{D2A16E7C-E8DF-408C-ADB8-B11DAC14EF0D}.Debug|x64.Build.0 = Debug|Any CPU
		{D2A16E7C-E8DF-408C-ADB8-B11DAC14EF0D}.Debug|x86.ActiveCfg = Debug|Any CPU
		{D2A16E7C-E8DF-408C-ADB8-B11DAC14EF0D}.Debug|x86.Build.0 = Debug|Any CPU
		{D2A16E7C-E8DF-408C-ADB8-B11DAC14EF0D}.Release|Any CPU.ActiveCfg = Release|Any CPU
		{D2A16E7C-E8DF-408C-ADB8-B11DAC14EF0D}.Release|Any CPU.Build.0 = Release|Any CPU
		{D2A16E7C-E8DF-408C-ADB8-B11DAC14EF0D}.Release|x64.ActiveCfg = Release|Any CPU
		{D2A16E7C-E8DF-408C-ADB8-B11DAC14EF0D}.Release|x64.Build.0 = Release|Any CPU
		{D2A16E7C-E8DF-408C-ADB8-B11DAC14EF0D}.Release|x86.ActiveCfg = Release|Any CPU
		{D2A16E7C-E8DF-408C-ADB8-B11DAC14EF0D}.Release|x86.Build.0 = Release|Any CPU
	EndGlobalSection
	GlobalSection(SolutionProperties) = preSolution
		HideSolutionNode = FALSE
	EndGlobalSection
	GlobalSection(NestedProjects) = preSolution
		{E10554A2-FE6A-4BFA-BDEB-F872BD2ABC1F} = {827E0CD3-B72D-47B6-A68D-7590B98EB39B}
		{0FDCAC85-C8C6-4F72-B509-CB996D7556F3} = {827E0CD3-B72D-47B6-A68D-7590B98EB39B}
		{267ACFBA-7A59-4766-86CE-827FF56CB935} = {827E0CD3-B72D-47B6-A68D-7590B98EB39B}
		{0F6BBC15-455E-4B89-8876-1D2DB631C6A2} = {827E0CD3-B72D-47B6-A68D-7590B98EB39B}
		{352D5741-D049-47DF-992C-18059262A7E8} = {827E0CD3-B72D-47B6-A68D-7590B98EB39B}
		{712D58DA-04AE-4B8A-B668-4DFAD2BF542D} = {827E0CD3-B72D-47B6-A68D-7590B98EB39B}
		{C6706AF9-42B8-47D1-AB53-6CE51C07DAF7} = {827E0CD3-B72D-47B6-A68D-7590B98EB39B}
		{C21B252F-BE0E-4765-8FF5-210DF7080B86} = {827E0CD3-B72D-47B6-A68D-7590B98EB39B}
		{BDFFEB08-44C2-4E39-9782-247A71D67969} = {0AB3BF05-4346-4AA6-1389-037BE0695223}
		{C172F8AD-47C5-4509-9324-7ACA8EC1862B} = {0AB3BF05-4346-4AA6-1389-037BE0695223}
		{3731AA70-A432-4DBA-8E52-8156C34A8699} = {0AB3BF05-4346-4AA6-1389-037BE0695223}
		{6ED666AF-461A-41B9-9F57-BAA6827872D5} = {0AB3BF05-4346-4AA6-1389-037BE0695223}
		{D2A16E7C-E8DF-408C-ADB8-B11DAC14EF0D} = {0AB3BF05-4346-4AA6-1389-037BE0695223}
	EndGlobalSection
EndGlobal
