{
  "version": 2,
  "dependencies": {
    "net8.0": {
      "raftbroker.client": {
        "type": "Project",
        "dependencies": {
          "RaftBroker.Core": "[1.0.0, )"
        }
      },
      "raftbroker.core": {
        "type": "Project"
      },
      "raftbroker.raft": {
        "type": "Project",
        "dependencies": {
          "RaftBroker.Core": "[1.0.0, )",
          "RaftBroker.Storage": "[1.0.0, )"
        }
      },
      "raftbroker.server": {
        "type": "Project",
        "dependencies": {
          "RaftBroker.Core": "[1.0.0, )",
          "RaftBroker.Raft": "[1.0.0, )",
          "RaftBroker.StateMachine": "[1.0.0, )",
          "RaftBroker.Storage": "[1.0.0, )",
          "RaftBroker.Transport": "[1.0.0, )"
        }
      },
      "raftbroker.statemachine": {
        "type": "Project",
        "dependencies": {
          "RaftBroker.Core": "[1.0.0, )",
          "RaftBroker.Raft": "[1.0.0, )"
        }
      },
      "raftbroker.storage": {
        "type": "Project",
        "dependencies": {
          "RaftBroker.Core": "[1.0.0, )"
        }
      },
      "raftbroker.transport": {
        "type": "Project",
        "dependencies": {
          "RaftBroker.Core": "[1.0.0, )",
          "RaftBroker.Raft": "[1.0.0, )"
        }
      }
    }
  }
}